
Microsoft Visual Studio Solution File, Format Version 12.00
# Visual Studio Version 16
VisualStudioVersion = 16.0.31129.286
MinimumVisualStudioVersion = 10.0.40219.1
Project("{9A19103F-16F7-4668-BE54-9A1E7A4F7556}") = "Periytyminen", "Periytyminen.csproj", "{6389E883-DCCB-493F-8003-6A958CCA603F}"
EndProject
Project("{9A19103F-16F7-4668-BE54-9A1E7A4F7556}") = "ElainLuokat", "..\09_Elaimet\ElainLuokat\ElainLuokat.csproj", "{CA7D300D-BCED-45E4-A117-9F2DDB4EEB0E}"
EndProject
Global
	GlobalSection(SolutionConfigurationPlatforms) = preSolution
		Debug|Any CPU = Debug|Any CPU
		Release|Any CPU = Release|Any CPU
	EndGlobalSection
	GlobalSection(ProjectConfigurationPlatforms) = postSolution
		{6389E883-DCCB-493F-8003-6A958CCA603F}.Debug|Any CPU.ActiveCfg = Debug|Any CPU
		{6389E883-DCCB-493F-8003-6A958CCA603F}.Debug|Any CPU.Build.0 = Debug|Any CPU
		{6389E883-DCCB-493F-8003-6A958CCA603F}.Release|Any CPU.ActiveCfg = Release|Any CPU
		{6389E883-DCCB-493F-8003-6A958CCA603F}.Release|Any CPU.Build.0 = Release|Any CPU
		{CA7D300D-BCED-45E4-A117-9F2DDB4EEB0E}.Debug|Any CPU.ActiveCfg = Debug|Any CPU
		{CA7D300D-BCED-45E4-A117-9F2DDB4EEB0E}.Debug|Any CPU.Build.0 = Debug|Any CPU
		{CA7D300D-BCED-45E4-A117-9F2DDB4EEB0E}.Release|Any CPU.ActiveCfg = Release|Any CPU
		{CA7D300D-BCED-45E4-A117-9F2DDB4EEB0E}.Release|Any CPU.Build.0 = Release|Any CPU
	EndGlobalSection
	GlobalSection(SolutionProperties) = preSolution
		HideSolutionNode = FALSE
	EndGlobalSection
	GlobalSection(ExtensibilityGlobals) = postSolution
		SolutionGuid = {4635EBB6-ABDE-4E7E-95B4-29DA6587C9E8}
	EndGlobalSection
EndGlobal
