
Microsoft Visual Studio Solution File, Format Version 12.00
# Visual Studio Version 16
VisualStudioVersion = 16.0.31702.278
MinimumVisualStudioVersion = 10.0.40219.1
Project("{FAE04EC0-301F-11D3-BF4B-00C04F79EFBC}") = "15 Matikkapeli", "15 Matikkapeli.csproj", "{692E83C6-72DF-4896-8CCC-D758F1336984}"
EndProject
Global
	GlobalSection(SolutionConfigurationPlatforms) = preSolution
		Debug|Any CPU = Debug|Any CPU
		Release|Any CPU = Release|Any CPU
	EndGlobalSection
	GlobalSection(ProjectConfigurationPlatforms) = postSolution
		{692E83C6-72DF-4896-8CCC-D758F1336984}.Debug|Any CPU.ActiveCfg = Debug|Any CPU
		{692E83C6-72DF-4896-8CCC-D758F1336984}.Debug|Any CPU.Build.0 = Debug|Any CPU
		{692E83C6-72DF-4896-8CCC-D758F1336984}.Release|Any CPU.ActiveCfg = Release|Any CPU
		{692E83C6-72DF-4896-8CCC-D758F1336984}.Release|Any CPU.Build.0 = Release|Any CPU
	EndGlobalSection
	GlobalSection(SolutionProperties) = preSolution
		HideSolutionNode = FALSE
	EndGlobalSection
	GlobalSection(ExtensibilityGlobals) = postSolution
		SolutionGuid = {4111A7E2-2077-4623-8D6F-85B7B580D352}
	EndGlobalSection
EndGlobal
