
Microsoft Visual Studio Solution File, Format Version 12.00
# Visual Studio Version 16
VisualStudioVersion = 16.0.31702.278
MinimumVisualStudioVersion = 10.0.40219.1
Project("{FAE04EC0-301F-11D3-BF4B-00C04F79EFBC}") = "10 Dictionary", "10 Dictionary.csproj", "{CC460E6A-D558-4FB5-BF4B-F57FDE660456}"
EndProject
Global
	GlobalSection(SolutionConfigurationPlatforms) = preSolution
		Debug|Any CPU = Debug|Any CPU
		Release|Any CPU = Release|Any CPU
	EndGlobalSection
	GlobalSection(ProjectConfigurationPlatforms) = postSolution
		{CC460E6A-D558-4FB5-BF4B-F57FDE660456}.Debug|Any CPU.ActiveCfg = Debug|Any CPU
		{CC460E6A-D558-4FB5-BF4B-F57FDE660456}.Debug|Any CPU.Build.0 = Debug|Any CPU
		{CC460E6A-D558-4FB5-BF4B-F57FDE660456}.Release|Any CPU.ActiveCfg = Release|Any CPU
		{CC460E6A-D558-4FB5-BF4B-F57FDE660456}.Release|Any CPU.Build.0 = Release|Any CPU
	EndGlobalSection
	GlobalSection(SolutionProperties) = preSolution
		HideSolutionNode = FALSE
	EndGlobalSection
	GlobalSection(ExtensibilityGlobals) = postSolution
		SolutionGuid = {552BCF40-E657-4563-A444-6DA4940C6267}
	EndGlobalSection
EndGlobal
