
Microsoft Visual Studio Solution File, Format Version 12.00
# Visual Studio Version 16
VisualStudioVersion = 16.0.31911.196
MinimumVisualStudioVersion = 10.0.40219.1
Project("{FAE04EC0-301F-11D3-BF4B-00C04F79EFBC}") = "09_Foreach", "09_Foreach.csproj", "{42100A47-52EE-409A-A34C-DC52F70C949E}"
EndProject
Global
	GlobalSection(SolutionConfigurationPlatforms) = preSolution
		Debug|Any CPU = Debug|Any CPU
		Release|Any CPU = Release|Any CPU
	EndGlobalSection
	GlobalSection(ProjectConfigurationPlatforms) = postSolution
		{42100A47-52EE-409A-A34C-DC52F70C949E}.Debug|Any CPU.ActiveCfg = Debug|Any CPU
		{42100A47-52EE-409A-A34C-DC52F70C949E}.Debug|Any CPU.Build.0 = Debug|Any CPU
		{42100A47-52EE-409A-A34C-DC52F70C949E}.Release|Any CPU.ActiveCfg = Release|Any CPU
		{42100A47-52EE-409A-A34C-DC52F70C949E}.Release|Any CPU.Build.0 = Release|Any CPU
	EndGlobalSection
	GlobalSection(SolutionProperties) = preSolution
		HideSolutionNode = FALSE
	EndGlobalSection
	GlobalSection(ExtensibilityGlobals) = postSolution
		SolutionGuid = {4B5123C2-2803-4FB5-A270-2F9300DD8A9D}
	EndGlobalSection
EndGlobal
