
Microsoft Visual Studio Solution File, Format Version 12.00
# Visual Studio Version 16
VisualStudioVersion = 16.0.31702.278
MinimumVisualStudioVersion = 10.0.40219.1
Project("{FAE04EC0-301F-11D3-BF4B-00C04F79EFBC}") = "12 Keyboard", "12 Keyboard.csproj", "{9D691FBC-A439-47FF-AB92-3F15A642EE34}"
EndProject
Global
	GlobalSection(SolutionConfigurationPlatforms) = preSolution
		Debug|Any CPU = Debug|Any CPU
		Release|Any CPU = Release|Any CPU
	EndGlobalSection
	GlobalSection(ProjectConfigurationPlatforms) = postSolution
		{9D691FBC-A439-47FF-AB92-3F15A642EE34}.Debug|Any CPU.ActiveCfg = Debug|Any CPU
		{9D691FBC-A439-47FF-AB92-3F15A642EE34}.Debug|Any CPU.Build.0 = Debug|Any CPU
		{9D691FBC-A439-47FF-AB92-3F15A642EE34}.Release|Any CPU.ActiveCfg = Release|Any CPU
		{9D691FBC-A439-47FF-AB92-3F15A642EE34}.Release|Any CPU.Build.0 = Release|Any CPU
	EndGlobalSection
	GlobalSection(SolutionProperties) = preSolution
		HideSolutionNode = FALSE
	EndGlobalSection
	GlobalSection(ExtensibilityGlobals) = postSolution
		SolutionGuid = {37966347-4C98-49F2-AA9E-2E791D4DB5FD}
	EndGlobalSection
EndGlobal
