
Microsoft Visual Studio Solution File, Format Version 12.00
# Visual Studio Version 16
VisualStudioVersion = 16.0.31129.286
MinimumVisualStudioVersion = 10.0.40219.1
Project("{9A19103F-16F7-4668-BE54-9A1E7A4F7556}") = "09_Elaimet", "09_Elaimet.csproj", "{A706151A-776E-4DF1-BA6D-BF17D0858313}"
EndProject
Project("{9A19103F-16F7-4668-BE54-9A1E7A4F7556}") = "ElainLuokat", "..\ElainLuokat\ElainLuokat.csproj", "{905FAFB4-5C1A-4F06-A7FA-26EE91D82298}"
EndProject
Global
	GlobalSection(SolutionConfigurationPlatforms) = preSolution
		Debug|Any CPU = Debug|Any CPU
		Release|Any CPU = Release|Any CPU
	EndGlobalSection
	GlobalSection(ProjectConfigurationPlatforms) = postSolution
		{A706151A-776E-4DF1-BA6D-BF17D0858313}.Debug|Any CPU.ActiveCfg = Debug|Any CPU
		{A706151A-776E-4DF1-BA6D-BF17D0858313}.Debug|Any CPU.Build.0 = Debug|Any CPU
		{A706151A-776E-4DF1-BA6D-BF17D0858313}.Release|Any CPU.ActiveCfg = Release|Any CPU
		{A706151A-776E-4DF1-BA6D-BF17D0858313}.Release|Any CPU.Build.0 = Release|Any CPU
		{905FAFB4-5C1A-4F06-A7FA-26EE91D82298}.Debug|Any CPU.ActiveCfg = Debug|Any CPU
		{905FAFB4-5C1A-4F06-A7FA-26EE91D82298}.Debug|Any CPU.Build.0 = Debug|Any CPU
		{905FAFB4-5C1A-4F06-A7FA-26EE91D82298}.Release|Any CPU.ActiveCfg = Release|Any CPU
		{905FAFB4-5C1A-4F06-A7FA-26EE91D82298}.Release|Any CPU.Build.0 = Release|Any CPU
	EndGlobalSection
	GlobalSection(SolutionProperties) = preSolution
		HideSolutionNode = FALSE
	EndGlobalSection
	GlobalSection(ExtensibilityGlobals) = postSolution
		SolutionGuid = {8544F307-301B-48C2-886A-FE16C415803C}
	EndGlobalSection
EndGlobal
