
Microsoft Visual Studio Solution File, Format Version 12.00
# Visual Studio Version 16
VisualStudioVersion = 16.0.31624.102
MinimumVisualStudioVersion = 10.0.40219.1
Project("{FAE04EC0-301F-11D3-BF4B-00C04F79EFBC}") = "Pennut ja emo", "Pennut ja emo.csproj", "{339994C1-56D9-4495-8DE1-E778FA96B1EC}"
EndProject
Project("{9A19103F-16F7-4668-BE54-9A1E7A4F7556}") = "ElainLuokat", "..\..\09_Elaimet\ElainLuokat\ElainLuokat.csproj", "{08FDED1D-61CC-4596-871F-A6D66095929F}"
EndProject
Global
	GlobalSection(SolutionConfigurationPlatforms) = preSolution
		Debug|Any CPU = Debug|Any CPU
		Release|Any CPU = Release|Any CPU
	EndGlobalSection
	GlobalSection(ProjectConfigurationPlatforms) = postSolution
		{339994C1-56D9-4495-8DE1-E778FA96B1EC}.Debug|Any CPU.ActiveCfg = Debug|Any CPU
		{339994C1-56D9-4495-8DE1-E778FA96B1EC}.Debug|Any CPU.Build.0 = Debug|Any CPU
		{339994C1-56D9-4495-8DE1-E778FA96B1EC}.Release|Any CPU.ActiveCfg = Release|Any CPU
		{339994C1-56D9-4495-8DE1-E778FA96B1EC}.Release|Any CPU.Build.0 = Release|Any CPU
		{08FDED1D-61CC-4596-871F-A6D66095929F}.Debug|Any CPU.ActiveCfg = Debug|Any CPU
		{08FDED1D-61CC-4596-871F-A6D66095929F}.Debug|Any CPU.Build.0 = Debug|Any CPU
		{08FDED1D-61CC-4596-871F-A6D66095929F}.Release|Any CPU.ActiveCfg = Release|Any CPU
		{08FDED1D-61CC-4596-871F-A6D66095929F}.Release|Any CPU.Build.0 = Release|Any CPU
	EndGlobalSection
	GlobalSection(SolutionProperties) = preSolution
		HideSolutionNode = FALSE
	EndGlobalSection
	GlobalSection(ExtensibilityGlobals) = postSolution
		SolutionGuid = {6EA64E81-7CA6-4C27-8429-94BDF8A348D0}
	EndGlobalSection
EndGlobal
